// !$*UTF8*$!
{
	archiveVersion = 1;
	classes = {
	};
	objectVersion = 50;
	objects = {

/* Begin PBXBuildFile section */
		716332F8219646E300916E64 /* AppDelegate.swift in Sources */ = {isa = PBXBuildFile; fileRef = 716332F7219646E300916E64 /* AppDelegate.swift */; };
		716332FF219646E500916E64 /* Assets.xcassets in Resources */ = {isa = PBXBuildFile; fileRef = 716332FE219646E500916E64 /* Assets.xcassets */; };
		71633302219646E500916E64 /* LaunchScreen.storyboard in Resources */ = {isa = PBXBuildFile; fileRef = 71633300219646E500916E64 /* LaunchScreen.storyboard */; };
		7163330D21964FE300916E64 /* Main.storyboard in Resources */ = {isa = PBXBuildFile; fileRef = 7163330C21964FE300916E64 /* Main.storyboard */; };
		716333102196E6EC00916E64 /* AdminViewController.swift in Sources */ = {isa = PBXBuildFile; fileRef = 7163330F2196E6EC00916E64 /* AdminViewController.swift */; };
		716333122196E8BB00916E64 /* OwnerViewController.swift in Sources */ = {isa = PBXBuildFile; fileRef = 716333112196E8BB00916E64 /* OwnerViewController.swift */; };
		716333142196E9A500916E64 /* RecordViewController.swift in Sources */ = {isa = PBXBuildFile; fileRef = 716333132196E9A500916E64 /* RecordViewController.swift */; };
		716333162196EE4600916E64 /* Record.swift in Sources */ = {isa = PBXBuildFile; fileRef = 716333152196EE4600916E64 /* Record.swift */; };
		716333182196F6F100916E64 /* Service.swift in Sources */ = {isa = PBXBuildFile; fileRef = 716333172196F6F100916E64 /* Service.swift */; };
		7163333221970F7A00916E64 /* Alamofire.framework in Frameworks */ = {isa = PBXBuildFile; fileRef = 7163332521970EE600916E64 /* Alamofire.framework */; };
		7163333321970F7A00916E64 /* Alamofire.framework in Embed Frameworks */ = {isa = PBXBuildFile; fileRef = 7163332521970EE600916E64 /* Alamofire.framework */; settings = {ATTRIBUTES = (CodeSignOnCopy, RemoveHeadersOnCopy, ); }; };
		71633350219712DD00916E64 /* CodableAlamofire.framework in Frameworks */ = {isa = PBXBuildFile; fileRef = 71633343219712D100916E64 /* CodableAlamofire.framework */; };
		71633351219712DD00916E64 /* CodableAlamofire.framework in Embed Frameworks */ = {isa = PBXBuildFile; fileRef = 71633343219712D100916E64 /* CodableAlamofire.framework */; settings = {ATTRIBUTES = (CodeSignOnCopy, RemoveHeadersOnCopy, ); }; };
/* End PBXBuildFile section */

/* Begin PBXContainerItemProxy section */
		7163332421970EE600916E64 /* PBXContainerItemProxy */ = {
			isa = PBXContainerItemProxy;
			containerPortal = 7163331921970EE600916E64 /* Alamofire.xcodeproj */;
			proxyType = 2;
			remoteGlobalIDString = F8111E3319A95C8B0040E7D1;
			remoteInfo = "Alamofire iOS";
		};
		7163332621970EE600916E64 /* PBXContainerItemProxy */ = {
			isa = PBXContainerItemProxy;
			containerPortal = 7163331921970EE600916E64 /* Alamofire.xcodeproj */;
			proxyType = 2;
			remoteGlobalIDString = F8111E3E19A95C8B0040E7D1;
			remoteInfo = "Alamofire iOS Tests";
		};
		7163332821970EE600916E64 /* PBXContainerItemProxy */ = {
			isa = PBXContainerItemProxy;
			containerPortal = 7163331921970EE600916E64 /* Alamofire.xcodeproj */;
			proxyType = 2;
			remoteGlobalIDString = 4DD67C0B1A5C55C900ED2280;
			remoteInfo = "Alamofire macOS";
		};
		7163332A21970EE600916E64 /* PBXContainerItemProxy */ = {
			isa = PBXContainerItemProxy;
			containerPortal = 7163331921970EE600916E64 /* Alamofire.xcodeproj */;
			proxyType = 2;
			remoteGlobalIDString = F829C6B21A7A94F100A2CD59;
			remoteInfo = "Alamofire macOS Tests";
		};
		7163332C21970EE600916E64 /* PBXContainerItemProxy */ = {
			isa = PBXContainerItemProxy;
			containerPortal = 7163331921970EE600916E64 /* Alamofire.xcodeproj */;
			proxyType = 2;
			remoteGlobalIDString = 4CF626EF1BA7CB3E0011A099;
			remoteInfo = "Alamofire tvOS";
		};
		7163332E21970EE600916E64 /* PBXContainerItemProxy */ = {
			isa = PBXContainerItemProxy;
			containerPortal = 7163331921970EE600916E64 /* Alamofire.xcodeproj */;
			proxyType = 2;
			remoteGlobalIDString = 4CF626F81BA7CB3E0011A099;
			remoteInfo = "Alamofire tvOS Tests";
		};
		7163333021970EE600916E64 /* PBXContainerItemProxy */ = {
			isa = PBXContainerItemProxy;
			containerPortal = 7163331921970EE600916E64 /* Alamofire.xcodeproj */;
			proxyType = 2;
			remoteGlobalIDString = E4202FE01B667AA100C997FB;
			remoteInfo = "Alamofire watchOS";
		};
		7163333421970F7A00916E64 /* PBXContainerItemProxy */ = {
			isa = PBXContainerItemProxy;
			containerPortal = 7163331921970EE600916E64 /* Alamofire.xcodeproj */;
			proxyType = 1;
			remoteGlobalIDString = F8111E3219A95C8B0040E7D1;
			remoteInfo = "Alamofire iOS";
		};
		71633342219712D100916E64 /* PBXContainerItemProxy */ = {
			isa = PBXContainerItemProxy;
			containerPortal = 71633337219712D000916E64 /* CodableAlamofire.xcodeproj */;
			proxyType = 2;
			remoteGlobalIDString = 84A8C7FB1EED2E8600AB31BE;
			remoteInfo = "CodableAlamofire-iOS";
		};
		71633344219712D100916E64 /* PBXContainerItemProxy */ = {
			isa = PBXContainerItemProxy;
			containerPortal = 71633337219712D000916E64 /* CodableAlamofire.xcodeproj */;
			proxyType = 2;
			remoteGlobalIDString = 84A8C81A1EED2EB800AB31BE;
			remoteInfo = "CodableAlamofire-watchOS";
		};
		71633346219712D100916E64 /* PBXContainerItemProxy */ = {
			isa = PBXContainerItemProxy;
			containerPortal = 71633337219712D000916E64 /* CodableAlamofire.xcodeproj */;
			proxyType = 2;
			remoteGlobalIDString = 84A8C8271EED2EC300AB31BE;
			remoteInfo = "CodableAlamofire-tvOS";
		};
		71633348219712D100916E64 /* PBXContainerItemProxy */ = {
			isa = PBXContainerItemProxy;
			containerPortal = 71633337219712D000916E64 /* CodableAlamofire.xcodeproj */;
			proxyType = 2;
			remoteGlobalIDString = 84A8C8431EED2ED500AB31BE;
			remoteInfo = "CodableAlamofire-macOS";
		};
		7163334A219712D100916E64 /* PBXContainerItemProxy */ = {
			isa = PBXContainerItemProxy;
			containerPortal = 71633337219712D000916E64 /* CodableAlamofire.xcodeproj */;
			proxyType = 2;
			remoteGlobalIDString = 8472D2851EED2FF700E81232;
			remoteInfo = "CodableAlamofireTests-iOS";
		};
		7163334C219712D100916E64 /* PBXContainerItemProxy */ = {
			isa = PBXContainerItemProxy;
			containerPortal = 71633337219712D000916E64 /* CodableAlamofire.xcodeproj */;
			proxyType = 2;
			remoteGlobalIDString = 8472D2941EED300500E81232;
			remoteInfo = "CodableAlamofireTests-tvOS";
		};
		7163334E219712D100916E64 /* PBXContainerItemProxy */ = {
			isa = PBXContainerItemProxy;
			containerPortal = 71633337219712D000916E64 /* CodableAlamofire.xcodeproj */;
			proxyType = 2;
			remoteGlobalIDString = 8472D2A31EED301000E81232;
			remoteInfo = "CodableAlamofireTests-macOS";
		};
		71633352219712DD00916E64 /* PBXContainerItemProxy */ = {
			isa = PBXContainerItemProxy;
			containerPortal = 71633337219712D000916E64 /* CodableAlamofire.xcodeproj */;
			proxyType = 1;
			remoteGlobalIDString = 84A8C7FA1EED2E8600AB31BE;
			remoteInfo = "CodableAlamofire-iOS";
		};
/* End PBXContainerItemProxy section */

/* Begin PBXCopyFilesBuildPhase section */
		7163333621970F7A00916E64 /* Embed Frameworks */ = {
			isa = PBXCopyFilesBuildPhase;
			buildActionMask = 2147483647;
			dstPath = "";
			dstSubfolderSpec = 10;
			files = (
				71633351219712DD00916E64 /* CodableAlamofire.framework in Embed Frameworks */,
				7163333321970F7A00916E64 /* Alamofire.framework in Embed Frameworks */,
			);
			name = "Embed Frameworks";
			runOnlyForDeploymentPostprocessing = 0;
		};
/* End PBXCopyFilesBuildPhase section */

/* Begin PBXFileReference section */
		716332F4219646E300916E64 /* Greenel.app */ = {isa = PBXFileReference; explicitFileType = wrapper.application; includeInIndex = 0; path = Greenel.app; sourceTree = BUILT_PRODUCTS_DIR; };
		716332F7219646E300916E64 /* AppDelegate.swift */ = {isa = PBXFileReference; lastKnownFileType = sourcecode.swift; path = AppDelegate.swift; sourceTree = "<group>"; };
		716332FE219646E500916E64 /* Assets.xcassets */ = {isa = PBXFileReference; lastKnownFileType = folder.assetcatalog; path = Assets.xcassets; sourceTree = "<group>"; };
		71633301219646E500916E64 /* Base */ = {isa = PBXFileReference; lastKnownFileType = file.storyboard; name = Base; path = Base.lproj/LaunchScreen.storyboard; sourceTree = "<group>"; };
		71633303219646E500916E64 /* Info.plist */ = {isa = PBXFileReference; lastKnownFileType = text.plist.xml; path = Info.plist; sourceTree = "<group>"; };
		7163330C21964FE300916E64 /* Main.storyboard */ = {isa = PBXFileReference; fileEncoding = 4; lastKnownFileType = file.storyboard; path = Main.storyboard; sourceTree = "<group>"; };
		7163330F2196E6EC00916E64 /* AdminViewController.swift */ = {isa = PBXFileReference; lastKnownFileType = sourcecode.swift; path = AdminViewController.swift; sourceTree = "<group>"; };
		716333112196E8BB00916E64 /* OwnerViewController.swift */ = {isa = PBXFileReference; lastKnownFileType = sourcecode.swift; path = OwnerViewController.swift; sourceTree = "<group>"; };
		716333132196E9A500916E64 /* RecordViewController.swift */ = {isa = PBXFileReference; lastKnownFileType = sourcecode.swift; path = RecordViewController.swift; sourceTree = "<group>"; };
		716333152196EE4600916E64 /* Record.swift */ = {isa = PBXFileReference; lastKnownFileType = sourcecode.swift; path = Record.swift; sourceTree = "<group>"; };
		716333172196F6F100916E64 /* Service.swift */ = {isa = PBXFileReference; lastKnownFileType = sourcecode.swift; path = Service.swift; sourceTree = "<group>"; };
		7163331921970EE600916E64 /* Alamofire.xcodeproj */ = {isa = PBXFileReference; lastKnownFileType = "wrapper.pb-project"; name = Alamofire.xcodeproj; path = Alamofire/Alamofire.xcodeproj; sourceTree = "<group>"; };
		71633337219712D000916E64 /* CodableAlamofire.xcodeproj */ = {isa = PBXFileReference; lastKnownFileType = "wrapper.pb-project"; name = CodableAlamofire.xcodeproj; path = CodableAlamofire/CodableAlamofire.xcodeproj; sourceTree = "<group>"; };
/* End PBXFileReference section */

/* Begin PBXFrameworksBuildPhase section */
		716332F1219646E300916E64 /* Frameworks */ = {
			isa = PBXFrameworksBuildPhase;
			buildActionMask = 2147483647;
			files = (
				71633350219712DD00916E64 /* CodableAlamofire.framework in Frameworks */,
				7163333221970F7A00916E64 /* Alamofire.framework in Frameworks */,
			);
			runOnlyForDeploymentPostprocessing = 0;
		};
/* End PBXFrameworksBuildPhase section */

/* Begin PBXGroup section */
		716332EB219646E300916E64 = {
			isa = PBXGroup;
			children = (
				7163331921970EE600916E64 /* Alamofire.xcodeproj */,
				71633337219712D000916E64 /* CodableAlamofire.xcodeproj */,
				716332F6219646E300916E64 /* Greenel */,
				716332F5219646E300916E64 /* Products */,
			);
			sourceTree = "<group>";
		};
		716332F5219646E300916E64 /* Products */ = {
			isa = PBXGroup;
			children = (
				716332F4219646E300916E64 /* Greenel.app */,
			);
			name = Products;
			sourceTree = "<group>";
		};
		716332F6219646E300916E64 /* Greenel */ = {
			isa = PBXGroup;
			children = (
				716332F7219646E300916E64 /* AppDelegate.swift */,
				716333152196EE4600916E64 /* Record.swift */,
				716333172196F6F100916E64 /* Service.swift */,
				7163330C21964FE300916E64 /* Main.storyboard */,
				7163330F2196E6EC00916E64 /* AdminViewController.swift */,
				716333112196E8BB00916E64 /* OwnerViewController.swift */,
				716333132196E9A500916E64 /* RecordViewController.swift */,
				716333092196475400916E64 /* Resources */,
			);
			path = Greenel;
			sourceTree = "<group>";
		};
		716333092196475400916E64 /* Resources */ = {
			isa = PBXGroup;
			children = (
				71633300219646E500916E64 /* LaunchScreen.storyboard */,
				716332FE219646E500916E64 /* Assets.xcassets */,
				71633303219646E500916E64 /* Info.plist */,
			);
			path = Resources;
			sourceTree = "<group>";
		};
		7163331A21970EE600916E64 /* Products */ = {
			isa = PBXGroup;
			children = (
				7163332521970EE600916E64 /* Alamofire.framework */,
				7163332721970EE600916E64 /* Alamofire iOS Tests.xctest */,
				7163332921970EE600916E64 /* Alamofire.framework */,
				7163332B21970EE600916E64 /* Alamofire macOS Tests.xctest */,
				7163332D21970EE600916E64 /* Alamofire.framework */,
				7163332F21970EE600916E64 /* Alamofire tvOS Tests.xctest */,
				7163333121970EE600916E64 /* Alamofire.framework */,
			);
			name = Products;
			sourceTree = "<group>";
		};
		71633338219712D000916E64 /* Products */ = {
			isa = PBXGroup;
			children = (
				71633343219712D100916E64 /* CodableAlamofire.framework */,
				71633345219712D100916E64 /* CodableAlamofire.framework */,
				71633347219712D100916E64 /* CodableAlamofire.framework */,
				71633349219712D100916E64 /* CodableAlamofire.framework */,
				7163334B219712D100916E64 /* CodableAlamofireTests-iOS.xctest */,
				7163334D219712D100916E64 /* CodableAlamofireTests-tvOS.xctest */,
				7163334F219712D100916E64 /* CodableAlamofireTests-macOS.xctest */,
			);
			name = Products;
			sourceTree = "<group>";
		};
/* End PBXGroup section */

/* Begin PBXNativeTarget section */
		716332F3219646E300916E64 /* Greenel */ = {
			isa = PBXNativeTarget;
			buildConfigurationList = 71633306219646E500916E64 /* Build configuration list for PBXNativeTarget "Greenel" */;
			buildPhases = (
				716332F0219646E300916E64 /* Sources */,
				716332F1219646E300916E64 /* Frameworks */,
				716332F2219646E300916E64 /* Resources */,
				7163333621970F7A00916E64 /* Embed Frameworks */,
			);
			buildRules = (
			);
			dependencies = (
				7163333521970F7A00916E64 /* PBXTargetDependency */,
				71633353219712DD00916E64 /* PBXTargetDependency */,
			);
			name = Greenel;
			productName = Greenel;
			productReference = 716332F4219646E300916E64 /* Greenel.app */;
			productType = "com.apple.product-type.application";
		};
/* End PBXNativeTarget section */

/* Begin PBXProject section */
		716332EC219646E300916E64 /* Project object */ = {
			isa = PBXProject;
			attributes = {
				LastSwiftUpdateCheck = 1010;
				LastUpgradeCheck = 1010;
				ORGANIZATIONNAME = "Andrew Kozlov";
				TargetAttributes = {
					716332F3219646E300916E64 = {
						CreatedOnToolsVersion = 10.1;
					};
				};
			};
			buildConfigurationList = 716332EF219646E300916E64 /* Build configuration list for PBXProject "Greenel" */;
			compatibilityVersion = "Xcode 9.3";
			developmentRegion = en;
			hasScannedForEncodings = 0;
			knownRegions = (
				Base,
			);
			mainGroup = 716332EB219646E300916E64;
			productRefGroup = 716332F5219646E300916E64 /* Products */;
			projectDirPath = "";
			projectReferences = (
				{
					ProductGroup = 7163331A21970EE600916E64 /* Products */;
					ProjectRef = 7163331921970EE600916E64 /* Alamofire.xcodeproj */;
				},
				{
					ProductGroup = 71633338219712D000916E64 /* Products */;
					ProjectRef = 71633337219712D000916E64 /* CodableAlamofire.xcodeproj */;
				},
			);
			projectRoot = "";
			targets = (
				716332F3219646E300916E64 /* Greenel */,
			);
		};
/* End PBXProject section */

/* Begin PBXReferenceProxy section */
		7163332521970EE600916E64 /* Alamofire.framework */ = {
			isa = PBXReferenceProxy;
			fileType = wrapper.framework;
			path = Alamofire.framework;
			remoteRef = 7163332421970EE600916E64 /* PBXContainerItemProxy */;
			sourceTree = BUILT_PRODUCTS_DIR;
		};
		7163332721970EE600916E64 /* Alamofire iOS Tests.xctest */ = {
			isa = PBXReferenceProxy;
			fileType = wrapper.cfbundle;
			path = "Alamofire iOS Tests.xctest";
			remoteRef = 7163332621970EE600916E64 /* PBXContainerItemProxy */;
			sourceTree = BUILT_PRODUCTS_DIR;
		};
		7163332921970EE600916E64 /* Alamofire.framework */ = {
			isa = PBXReferenceProxy;
			fileType = wrapper.framework;
			path = Alamofire.framework;
			remoteRef = 7163332821970EE600916E64 /* PBXContainerItemProxy */;
			sourceTree = BUILT_PRODUCTS_DIR;
		};
		7163332B21970EE600916E64 /* Alamofire macOS Tests.xctest */ = {
			isa = PBXReferenceProxy;
			fileType = wrapper.cfbundle;
			path = "Alamofire macOS Tests.xctest";
			remoteRef = 7163332A21970EE600916E64 /* PBXContainerItemProxy */;
			sourceTree = BUILT_PRODUCTS_DIR;
		};
		7163332D21970EE600916E64 /* Alamofire.framework */ = {
			isa = PBXReferenceProxy;
			fileType = wrapper.framework;
			path = Alamofire.framework;
			remoteRef = 7163332C21970EE600916E64 /* PBXContainerItemProxy */;
			sourceTree = BUILT_PRODUCTS_DIR;
		};
		7163332F21970EE600916E64 /* Alamofire tvOS Tests.xctest */ = {
			isa = PBXReferenceProxy;
			fileType = wrapper.cfbundle;
			path = "Alamofire tvOS Tests.xctest";
			remoteRef = 7163332E21970EE600916E64 /* PBXContainerItemProxy */;
			sourceTree = BUILT_PRODUCTS_DIR;
		};
		7163333121970EE600916E64 /* Alamofire.framework */ = {
			isa = PBXReferenceProxy;
			fileType = wrapper.framework;
			path = Alamofire.framework;
			remoteRef = 7163333021970EE600916E64 /* PBXContainerItemProxy */;
			sourceTree = BUILT_PRODUCTS_DIR;
		};
		71633343219712D100916E64 /* CodableAlamofire.framework */ = {
			isa = PBXReferenceProxy;
			fileType = wrapper.framework;
			path = CodableAlamofire.framework;
			remoteRef = 71633342219712D100916E64 /* PBXContainerItemProxy */;
			sourceTree = BUILT_PRODUCTS_DIR;
		};
		71633345219712D100916E64 /* CodableAlamofire.framework */ = {
			isa = PBXReferenceProxy;
			fileType = wrapper.framework;
			path = CodableAlamofire.framework;
			remoteRef = 71633344219712D100916E64 /* PBXContainerItemProxy */;
			sourceTree = BUILT_PRODUCTS_DIR;
		};
		71633347219712D100916E64 /* CodableAlamofire.framework */ = {
			isa = PBXReferenceProxy;
			fileType = wrapper.framework;
			path = CodableAlamofire.framework;
			remoteRef = 71633346219712D100916E64 /* PBXContainerItemProxy */;
			sourceTree = BUILT_PRODUCTS_DIR;
		};
		71633349219712D100916E64 /* CodableAlamofire.framework */ = {
			isa = PBXReferenceProxy;
			fileType = wrapper.framework;
			path = CodableAlamofire.framework;
			remoteRef = 71633348219712D100916E64 /* PBXContainerItemProxy */;
			sourceTree = BUILT_PRODUCTS_DIR;
		};
		7163334B219712D100916E64 /* CodableAlamofireTests-iOS.xctest */ = {
			isa = PBXReferenceProxy;
			fileType = wrapper.cfbundle;
			path = "CodableAlamofireTests-iOS.xctest";
			remoteRef = 7163334A219712D100916E64 /* PBXContainerItemProxy */;
			sourceTree = BUILT_PRODUCTS_DIR;
		};
		7163334D219712D100916E64 /* CodableAlamofireTests-tvOS.xctest */ = {
			isa = PBXReferenceProxy;
			fileType = wrapper.cfbundle;
			path = "CodableAlamofireTests-tvOS.xctest";
			remoteRef = 7163334C219712D100916E64 /* PBXContainerItemProxy */;
			sourceTree = BUILT_PRODUCTS_DIR;
		};
		7163334F219712D100916E64 /* CodableAlamofireTests-macOS.xctest */ = {
			isa = PBXReferenceProxy;
			fileType = wrapper.cfbundle;
			path = "CodableAlamofireTests-macOS.xctest";
			remoteRef = 7163334E219712D100916E64 /* PBXContainerItemProxy */;
			sourceTree = BUILT_PRODUCTS_DIR;
		};
/* End PBXReferenceProxy section */

/* Begin PBXResourcesBuildPhase section */
		716332F2219646E300916E64 /* Resources */ = {
			isa = PBXResourcesBuildPhase;
			buildActionMask = 2147483647;
			files = (
				71633302219646E500916E64 /* LaunchScreen.storyboard in Resources */,
				716332FF219646E500916E64 /* Assets.xcassets in Resources */,
				7163330D21964FE300916E64 /* Main.storyboard in Resources */,
			);
			runOnlyForDeploymentPostprocessing = 0;
		};
/* End PBXResourcesBuildPhase section */

/* Begin PBXSourcesBuildPhase section */
		716332F0219646E300916E64 /* Sources */ = {
			isa = PBXSourcesBuildPhase;
			buildActionMask = 2147483647;
			files = (
				716333122196E8BB00916E64 /* OwnerViewController.swift in Sources */,
				716333102196E6EC00916E64 /* AdminViewController.swift in Sources */,
				716333162196EE4600916E64 /* Record.swift in Sources */,
				716332F8219646E300916E64 /* AppDelegate.swift in Sources */,
				716333142196E9A500916E64 /* RecordViewController.swift in Sources */,
				716333182196F6F100916E64 /* Service.swift in Sources */,
			);
			runOnlyForDeploymentPostprocessing = 0;
		};
/* End PBXSourcesBuildPhase section */

/* Begin PBXTargetDependency section */
		7163333521970F7A00916E64 /* PBXTargetDependency */ = {
			isa = PBXTargetDependency;
			name = "Alamofire iOS";
			targetProxy = 7163333421970F7A00916E64 /* PBXContainerItemProxy */;
		};
		71633353219712DD00916E64 /* PBXTargetDependency */ = {
			isa = PBXTargetDependency;
			name = "CodableAlamofire-iOS";
			targetProxy = 71633352219712DD00916E64 /* PBXContainerItemProxy */;
		};
/* End PBXTargetDependency section */

/* Begin PBXVariantGroup section */
		71633300219646E500916E64 /* LaunchScreen.storyboard */ = {
			isa = PBXVariantGroup;
			children = (
				71633301219646E500916E64 /* Base */,
			);
			name = LaunchScreen.storyboard;
			sourceTree = "<group>";
		};
/* End PBXVariantGroup section */

/* Begin XCBuildConfiguration section */
		71633304219646E500916E64 /* Debug */ = {
			isa = XCBuildConfiguration;
			buildSettings = {
				ALWAYS_SEARCH_USER_PATHS = NO;
				CLANG_ANALYZER_NONNULL = YES;
				CLANG_ANALYZER_NUMBER_OBJECT_CONVERSION = YES_AGGRESSIVE;
				CLANG_CXX_LANGUAGE_STANDARD = "gnu++14";
				CLANG_CXX_LIBRARY = "libc++";
				CLANG_ENABLE_MODULES = YES;
				CLANG_ENABLE_OBJC_ARC = YES;
				CLANG_ENABLE_OBJC_WEAK = YES;
				CLANG_WARN_BLOCK_CAPTURE_AUTORELEASING = YES;
				CLANG_WARN_BOOL_CONVERSION = YES;
				CLANG_WARN_COMMA = YES;
				CLANG_WARN_CONSTANT_CONVERSION = YES;
				CLANG_WARN_DEPRECATED_OBJC_IMPLEMENTATIONS = YES;
				CLANG_WARN_DIRECT_OBJC_ISA_USAGE = YES_ERROR;
				CLANG_WARN_DOCUMENTATION_COMMENTS = YES;
				CLANG_WARN_EMPTY_BODY = YES;
				CLANG_WARN_ENUM_CONVERSION = YES;
				CLANG_WARN_INFINITE_RECURSION = YES;
				CLANG_WARN_INT_CONVERSION = YES;
				CLANG_WARN_NON_LITERAL_NULL_CONVERSION = YES;
				CLANG_WARN_OBJC_IMPLICIT_RETAIN_SELF = YES;
				CLANG_WARN_OBJC_LITERAL_CONVERSION = YES;
				CLANG_WARN_OBJC_ROOT_CLASS = YES_ERROR;
				CLANG_WARN_RANGE_LOOP_ANALYSIS = YES;
				CLANG_WARN_STRICT_PROTOTYPES = YES;
				CLANG_WARN_SUSPICIOUS_MOVE = YES;
				CLANG_WARN_UNGUARDED_AVAILABILITY = YES_AGGRESSIVE;
				CLANG_WARN_UNREACHABLE_CODE = YES;
				CLANG_WARN__DUPLICATE_METHOD_MATCH = YES;
				CODE_SIGN_IDENTITY = "iPhone Developer";
				COPY_PHASE_STRIP = NO;
				DEBUG_INFORMATION_FORMAT = dwarf;
				ENABLE_STRICT_OBJC_MSGSEND = YES;
				ENABLE_TESTABILITY = YES;
				GCC_C_LANGUAGE_STANDARD = gnu11;
				GCC_DYNAMIC_NO_PIC = NO;
				GCC_NO_COMMON_BLOCKS = YES;
				GCC_OPTIMIZATION_LEVEL = 0;
				GCC_PREPROCESSOR_DEFINITIONS = (
					"DEBUG=1",
					"$(inherited)",
				);
				GCC_WARN_64_TO_32_BIT_CONVERSION = YES;
				GCC_WARN_ABOUT_RETURN_TYPE = YES_ERROR;
				GCC_WARN_UNDECLARED_SELECTOR = YES;
				GCC_WARN_UNINITIALIZED_AUTOS = YES_AGGRESSIVE;
				GCC_WARN_UNUSED_FUNCTION = YES;
				GCC_WARN_UNUSED_VARIABLE = YES;
				IPHONEOS_DEPLOYMENT_TARGET = 12.1;
				MTL_ENABLE_DEBUG_INFO = INCLUDE_SOURCE;
				MTL_FAST_MATH = YES;
				ONLY_ACTIVE_ARCH = YES;
				SDKROOT = iphoneos;
				SWIFT_ACTIVE_COMPILATION_CONDITIONS = DEBUG;
				SWIFT_OPTIMIZATION_LEVEL = "-Onone";
			};
			name = Debug;
		};
		71633305219646E500916E64 /* Release */ = {
			isa = XCBuildConfiguration;
			buildSettings = {
				ALWAYS_SEARCH_USER_PATHS = NO;
				CLANG_ANALYZER_NONNULL = YES;
				CLANG_ANALYZER_NUMBER_OBJECT_CONVERSION = YES_AGGRESSIVE;
				CLANG_CXX_LANGUAGE_STANDARD = "gnu++14";
				CLANG_CXX_LIBRARY = "libc++";
				CLANG_ENABLE_MODULES = YES;
				CLANG_ENABLE_OBJC_ARC = YES;
				CLANG_ENABLE_OBJC_WEAK = YES;
				CLANG_WARN_BLOCK_CAPTURE_AUTORELEASING = YES;
				CLANG_WARN_BOOL_CONVERSION = YES;
				CLANG_WARN_COMMA = YES;
				CLANG_WARN_CONSTANT_CONVERSION = YES;
				CLANG_WARN_DEPRECATED_OBJC_IMPLEMENTATIONS = YES;
				CLANG_WARN_DIRECT_OBJC_ISA_USAGE = YES_ERROR;
				CLANG_WARN_DOCUMENTATION_COMMENTS = YES;
				CLANG_WARN_EMPTY_BODY = YES;
				CLANG_WARN_ENUM_CONVERSION = YES;
				CLANG_WARN_INFINITE_RECURSION = YES;
				CLANG_WARN_INT_CONVERSION = YES;
				CLANG_WARN_NON_LITERAL_NULL_CONVERSION = YES;
				CLANG_WARN_OBJC_IMPLICIT_RETAIN_SELF = YES;
				CLANG_WARN_OBJC_LITERAL_CONVERSION = YES;
				CLANG_WARN_OBJC_ROOT_CLASS = YES_ERROR;
				CLANG_WARN_RANGE_LOOP_ANALYSIS = YES;
				CLANG_WARN_STRICT_PROTOTYPES = YES;
				CLANG_WARN_SUSPICIOUS_MOVE = YES;
				CLANG_WARN_UNGUARDED_AVAILABILITY = YES_AGGRESSIVE;
				CLANG_WARN_UNREACHABLE_CODE = YES;
				CLANG_WARN__DUPLICATE_METHOD_MATCH = YES;
				CODE_SIGN_IDENTITY = "iPhone Developer";
				COPY_PHASE_STRIP = NO;
				DEBUG_INFORMATION_FORMAT = "dwarf-with-dsym";
				ENABLE_NS_ASSERTIONS = NO;
				ENABLE_STRICT_OBJC_MSGSEND = YES;
				GCC_C_LANGUAGE_STANDARD = gnu11;
				GCC_NO_COMMON_BLOCKS = YES;
				GCC_WARN_64_TO_32_BIT_CONVERSION = YES;
				GCC_WARN_ABOUT_RETURN_TYPE = YES_ERROR;
				GCC_WARN_UNDECLARED_SELECTOR = YES;
				GCC_WARN_UNINITIALIZED_AUTOS = YES_AGGRESSIVE;
				GCC_WARN_UNUSED_FUNCTION = YES;
				GCC_WARN_UNUSED_VARIABLE = YES;
				IPHONEOS_DEPLOYMENT_TARGET = 12.1;
				MTL_ENABLE_DEBUG_INFO = NO;
				MTL_FAST_MATH = YES;
				SDKROOT = iphoneos;
				SWIFT_COMPILATION_MODE = wholemodule;
				SWIFT_OPTIMIZATION_LEVEL = "-O";
				VALIDATE_PRODUCT = YES;
			};
			name = Release;
		};
		71633307219646E500916E64 /* Debug */ = {
			isa = XCBuildConfiguration;
			buildSettings = {
				ALWAYS_EMBED_SWIFT_STANDARD_LIBRARIES = YES;
				ASSETCATALOG_COMPILER_APPICON_NAME = AppIcon;
				CODE_SIGN_STYLE = Automatic;
				INFOPLIST_FILE = Greenel/Resources/Info.plist;
				LD_RUNPATH_SEARCH_PATHS = (
					"$(inherited)",
					"@executable_path/Frameworks",
				);
				PRODUCT_BUNDLE_IDENTIFIER = "ru.andrew-kozlov.greenel";
				PRODUCT_NAME = "$(TARGET_NAME)";
				SWIFT_VERSION = 4.2;
				TARGETED_DEVICE_FAMILY = 1;
			};
			name = Debug;
		};
		71633308219646E500916E64 /* Release */ = {
			isa = XCBuildConfiguration;
			buildSettings = {
				ALWAYS_EMBED_SWIFT_STANDARD_LIBRARIES = YES;
				ASSETCATALOG_COMPILER_APPICON_NAME = AppIcon;
				CODE_SIGN_STYLE = Automatic;
				INFOPLIST_FILE = Greenel/Resources/Info.plist;
				LD_RUNPATH_SEARCH_PATHS = (
					"$(inherited)",
					"@executable_path/Frameworks",
				);
				PRODUCT_BUNDLE_IDENTIFIER = "ru.andrew-kozlov.greenel";
				PRODUCT_NAME = "$(TARGET_NAME)";
				SWIFT_VERSION = 4.2;
				TARGETED_DEVICE_FAMILY = 1;
			};
			name = Release;
		};
/* End XCBuildConfiguration section */

/* Begin XCConfigurationList section */
		716332EF219646E300916E64 /* Build configuration list for PBXProject "Greenel" */ = {
			isa = XCConfigurationList;
			buildConfigurations = (
				71633304219646E500916E64 /* Debug */,
				71633305219646E500916E64 /* Release */,
			);
			defaultConfigurationIsVisible = 0;
			defaultConfigurationName = Release;
		};
		71633306219646E500916E64 /* Build configuration list for PBXNativeTarget "Greenel" */ = {
			isa = XCConfigurationList;
			buildConfigurations = (
				71633307219646E500916E64 /* Debug */,
				71633308219646E500916E64 /* Release */,
			);
			defaultConfigurationIsVisible = 0;
			defaultConfigurationName = Release;
		};
/* End XCConfigurationList section */
	};
	rootObject = 716332EC219646E300916E64 /* Project object */;
}
